
Microsoft Visual Studio Solution File, Format Version 12.00
# Visual Studio Version 16
VisualStudioVersion = 16.0.29201.188
MinimumVisualStudioVersion = 10.0.40219.1
Project("{9A19103F-16F7-4668-BE54-9A1E7A4F7556}") = "ConsoleApp1", "ConsoleApp1.csproj", "{B02EB06B-E964-4C99-9DC9-F911D7AFDEBF}"
EndProject
Project("{FAE04EC0-301F-11D3-BF4B-00C04F79EFBC}") = "Exports", "..\Exports\Exports.csproj", "{73BC6A73-EEF7-4FF9-A46B-710464CE64E0}"
EndProject
Global
	GlobalSection(SolutionConfigurationPlatforms) = preSolution
		Debug|Any CPU = Debug|Any CPU
		Release|Any CPU = Release|Any CPU
	EndGlobalSection
	GlobalSection(ProjectConfigurationPlatforms) = postSolution
		{B02EB06B-E964-4C99-9DC9-F911D7AFDEBF}.Debug|Any CPU.ActiveCfg = Debug|Any CPU
		{B02EB06B-E964-4C99-9DC9-F911D7AFDEBF}.Debug|Any CPU.Build.0 = Debug|Any CPU
		{B02EB06B-E964-4C99-9DC9-F911D7AFDEBF}.Release|Any CPU.ActiveCfg = Release|Any CPU
		{B02EB06B-E964-4C99-9DC9-F911D7AFDEBF}.Release|Any CPU.Build.0 = Release|Any CPU
		{73BC6A73-EEF7-4FF9-A46B-710464CE64E0}.Debug|Any CPU.ActiveCfg = Debug|Any CPU
		{73BC6A73-EEF7-4FF9-A46B-710464CE64E0}.Debug|Any CPU.Build.0 = Debug|Any CPU
		{73BC6A73-EEF7-4FF9-A46B-710464CE64E0}.Release|Any CPU.ActiveCfg = Release|Any CPU
		{73BC6A73-EEF7-4FF9-A46B-710464CE64E0}.Release|Any CPU.Build.0 = Release|Any CPU
	EndGlobalSection
	GlobalSection(SolutionProperties) = preSolution
		HideSolutionNode = FALSE
	EndGlobalSection
	GlobalSection(ExtensibilityGlobals) = postSolution
		SolutionGuid = {C1E094F9-873F-49D7-9E97-24918CCF1FFF}
	EndGlobalSection
EndGlobal
